
Microsoft Visual Studio Solution File, Format Version 12.00
Project("{2150E333-8FDC-42A3-9474-1A3956D46DE8}") = "src", "src", "{FE597B1A-2C1F-45E5-A0A3-757A4827B1B6}"
EndProject
Project("{FAE04EC0-301F-11D3-BF4B-00C04F79EFBC}") = "Dev.Core", "src\Dev.Core\Dev.Core.csproj", "{BF2EED55-25AA-4508-AFD0-60D63F9FA4EE}"
EndProject
Project("{2150E333-8FDC-42A3-9474-1A3956D46DE8}") = "modules", "modules", "{40E8B229-E97B-4C85-9501-EC38B6A8EA4E}"
EndProject
Project("{FAE04EC0-301F-11D3-BF4B-00C04F79EFBC}") = "App.Nginx", "modules\App.Nginx\App.Nginx.csproj", "{DF2B49F9-A3D3-4A27-BDDB-86897AF8E292}"
EndProject
Project("{FAE04EC0-301F-11D3-BF4B-00C04F79EFBC}") = "Dev.Host", "src\Dev.Host\Dev.Host.csproj", "{3010A2EB-3789-440B-A530-D2330CFF8EA5}"
EndProject
Project("{FAE04EC0-301F-11D3-BF4B-00C04F79EFBC}") = "Dev.BlazorWasm", "src\Dev.BlazorWasm\Dev.BlazorWasm.csproj", "{B507A2C8-7E4F-4057-894D-3B8FED966441}"
EndProject
Project("{FAE04EC0-301F-11D3-BF4B-00C04F79EFBC}") = "App.Ftp", "modules\App.Ftp\App.Ftp.csproj", "{09F5D5B3-18FE-4B7F-8313-FF89791B353A}"
EndProject
Project("{FAE04EC0-301F-11D3-BF4B-00C04F79EFBC}") = "Dev.App", "src\Dev.App\Dev.App.csproj", "{528A5F22-440A-42C1-B7DF-FF382DBEAFBD}"
EndProject
Global
	GlobalSection(SolutionConfigurationPlatforms) = preSolution
		Debug|Any CPU = Debug|Any CPU
		Release|Any CPU = Release|Any CPU
	EndGlobalSection
	GlobalSection(NestedProjects) = preSolution
		{BF2EED55-25AA-4508-AFD0-60D63F9FA4EE} = {FE597B1A-2C1F-45E5-A0A3-757A4827B1B6}
		{DF2B49F9-A3D3-4A27-BDDB-86897AF8E292} = {40E8B229-E97B-4C85-9501-EC38B6A8EA4E}
		{3010A2EB-3789-440B-A530-D2330CFF8EA5} = {FE597B1A-2C1F-45E5-A0A3-757A4827B1B6}
		{B507A2C8-7E4F-4057-894D-3B8FED966441} = {FE597B1A-2C1F-45E5-A0A3-757A4827B1B6}
		{09F5D5B3-18FE-4B7F-8313-FF89791B353A} = {40E8B229-E97B-4C85-9501-EC38B6A8EA4E}
		{528A5F22-440A-42C1-B7DF-FF382DBEAFBD} = {FE597B1A-2C1F-45E5-A0A3-757A4827B1B6}
	EndGlobalSection
	GlobalSection(ProjectConfigurationPlatforms) = postSolution
		{BF2EED55-25AA-4508-AFD0-60D63F9FA4EE}.Debug|Any CPU.ActiveCfg = Debug|Any CPU
		{BF2EED55-25AA-4508-AFD0-60D63F9FA4EE}.Debug|Any CPU.Build.0 = Debug|Any CPU
		{BF2EED55-25AA-4508-AFD0-60D63F9FA4EE}.Release|Any CPU.ActiveCfg = Release|Any CPU
		{BF2EED55-25AA-4508-AFD0-60D63F9FA4EE}.Release|Any CPU.Build.0 = Release|Any CPU
		{DF2B49F9-A3D3-4A27-BDDB-86897AF8E292}.Debug|Any CPU.ActiveCfg = Debug|Any CPU
		{DF2B49F9-A3D3-4A27-BDDB-86897AF8E292}.Debug|Any CPU.Build.0 = Debug|Any CPU
		{DF2B49F9-A3D3-4A27-BDDB-86897AF8E292}.Release|Any CPU.ActiveCfg = Release|Any CPU
		{DF2B49F9-A3D3-4A27-BDDB-86897AF8E292}.Release|Any CPU.Build.0 = Release|Any CPU
		{3010A2EB-3789-440B-A530-D2330CFF8EA5}.Debug|Any CPU.ActiveCfg = Debug|Any CPU
		{3010A2EB-3789-440B-A530-D2330CFF8EA5}.Debug|Any CPU.Build.0 = Debug|Any CPU
		{3010A2EB-3789-440B-A530-D2330CFF8EA5}.Release|Any CPU.ActiveCfg = Release|Any CPU
		{3010A2EB-3789-440B-A530-D2330CFF8EA5}.Release|Any CPU.Build.0 = Release|Any CPU
		{B507A2C8-7E4F-4057-894D-3B8FED966441}.Debug|Any CPU.ActiveCfg = Debug|Any CPU
		{B507A2C8-7E4F-4057-894D-3B8FED966441}.Debug|Any CPU.Build.0 = Debug|Any CPU
		{B507A2C8-7E4F-4057-894D-3B8FED966441}.Release|Any CPU.ActiveCfg = Release|Any CPU
		{B507A2C8-7E4F-4057-894D-3B8FED966441}.Release|Any CPU.Build.0 = Release|Any CPU
		{09F5D5B3-18FE-4B7F-8313-FF89791B353A}.Debug|Any CPU.ActiveCfg = Debug|Any CPU
		{09F5D5B3-18FE-4B7F-8313-FF89791B353A}.Debug|Any CPU.Build.0 = Debug|Any CPU
		{09F5D5B3-18FE-4B7F-8313-FF89791B353A}.Release|Any CPU.ActiveCfg = Release|Any CPU
		{09F5D5B3-18FE-4B7F-8313-FF89791B353A}.Release|Any CPU.Build.0 = Release|Any CPU
		{528A5F22-440A-42C1-B7DF-FF382DBEAFBD}.Debug|Any CPU.ActiveCfg = Debug|Any CPU
		{528A5F22-440A-42C1-B7DF-FF382DBEAFBD}.Debug|Any CPU.Build.0 = Debug|Any CPU
		{528A5F22-440A-42C1-B7DF-FF382DBEAFBD}.Release|Any CPU.ActiveCfg = Release|Any CPU
		{528A5F22-440A-42C1-B7DF-FF382DBEAFBD}.Release|Any CPU.Build.0 = Release|Any CPU
	EndGlobalSection
EndGlobal
